// !$*UTF8*$!
{
	archiveVersion = 1;
	classes = {
	};
	objectVersion = 50;
	objects = {

/* Begin PBXBuildFile section */
		45820FD924FB719F009FBF5B /* AppDelegate.swift in Sources */ = {isa = PBXBuildFile; fileRef = 45820FD824FB719F009FBF5B /* AppDelegate.swift */; };
		45820FDB24FB719F009FBF5B /* SceneDelegate.swift in Sources */ = {isa = PBXBuildFile; fileRef = 45820FDA24FB719F009FBF5B /* SceneDelegate.swift */; };
		45820FE024FB719F009FBF5B /* Main.storyboard in Resources */ = {isa = PBXBuildFile; fileRef = 45820FDE24FB719F009FBF5B /* Main.storyboard */; };
		45820FE224FB71A4009FBF5B /* Assets.xcassets in Resources */ = {isa = PBXBuildFile; fileRef = 45820FE124FB71A4009FBF5B /* Assets.xcassets */; };
		45820FE524FB71A4009FBF5B /* LaunchScreen.storyboard in Resources */ = {isa = PBXBuildFile; fileRef = 45820FE324FB71A4009FBF5B /* LaunchScreen.storyboard */; };
		45820FF224FB77E5009FBF5B /* User.swift in Sources */ = {isa = PBXBuildFile; fileRef = 45820FF124FB77E5009FBF5B /* User.swift */; };
		45820FF624FB9036009FBF5B /* LoginViewController.swift in Sources */ = {isa = PBXBuildFile; fileRef = 45820FF524FB9036009FBF5B /* LoginViewController.swift */; };
		45820FF824FBC8F9009FBF5B /* GreetingViewController.swift in Sources */ = {isa = PBXBuildFile; fileRef = 45820FF724FBC8F9009FBF5B /* GreetingViewController.swift */; };
		45820FFA24FC827C009FBF5B /* UserViewController.swift in Sources */ = {isa = PBXBuildFile; fileRef = 45820FF924FC827C009FBF5B /* UserViewController.swift */; };
/* End PBXBuildFile section */

/* Begin PBXFileReference section */
		45820FD524FB719F009FBF5B /* AboutPersonal.app */ = {isa = PBXFileReference; explicitFileType = wrapper.application; includeInIndex = 0; path = AboutPersonal.app; sourceTree = BUILT_PRODUCTS_DIR; };
		45820FD824FB719F009FBF5B /* AppDelegate.swift */ = {isa = PBXFileReference; lastKnownFileType = sourcecode.swift; path = AppDelegate.swift; sourceTree = "<group>"; };
		45820FDA24FB719F009FBF5B /* SceneDelegate.swift */ = {isa = PBXFileReference; lastKnownFileType = sourcecode.swift; path = SceneDelegate.swift; sourceTree = "<group>"; };
		45820FDF24FB719F009FBF5B /* Base */ = {isa = PBXFileReference; lastKnownFileType = file.storyboard; name = Base; path = Base.lproj/Main.storyboard; sourceTree = "<group>"; };
		45820FE124FB71A4009FBF5B /* Assets.xcassets */ = {isa = PBXFileReference; lastKnownFileType = folder.assetcatalog; path = Assets.xcassets; sourceTree = "<group>"; };
		45820FE424FB71A4009FBF5B /* Base */ = {isa = PBXFileReference; lastKnownFileType = file.storyboard; name = Base; path = Base.lproj/LaunchScreen.storyboard; sourceTree = "<group>"; };
		45820FE624FB71A4009FBF5B /* Info.plist */ = {isa = PBXFileReference; lastKnownFileType = text.plist.xml; path = Info.plist; sourceTree = "<group>"; };
		45820FF124FB77E5009FBF5B /* User.swift */ = {isa = PBXFileReference; lastKnownFileType = sourcecode.swift; path = User.swift; sourceTree = "<group>"; };
		45820FF524FB9036009FBF5B /* LoginViewController.swift */ = {isa = PBXFileReference; lastKnownFileType = sourcecode.swift; name = LoginViewController.swift; path = AboutPersonal/ViewControllers/LoginViewController.swift; sourceTree = SOURCE_ROOT; };
		45820FF724FBC8F9009FBF5B /* GreetingViewController.swift */ = {isa = PBXFileReference; lastKnownFileType = sourcecode.swift; path = GreetingViewController.swift; sourceTree = "<group>"; };
		45820FF924FC827C009FBF5B /* UserViewController.swift */ = {isa = PBXFileReference; lastKnownFileType = sourcecode.swift; name = UserViewController.swift; path = AboutPersonal/ViewControllers/UserViewController.swift; sourceTree = SOURCE_ROOT; };
/* End PBXFileReference section */

/* Begin PBXFrameworksBuildPhase section */
		45820FD224FB719F009FBF5B /* Frameworks */ = {
			isa = PBXFrameworksBuildPhase;
			buildActionMask = 2147483647;
			files = (
			);
			runOnlyForDeploymentPostprocessing = 0;
		};
/* End PBXFrameworksBuildPhase section */

/* Begin PBXGroup section */
		45820FCC24FB719F009FBF5B = {
			isa = PBXGroup;
			children = (
				45820FD724FB719F009FBF5B /* AboutPersonal */,
				45820FD624FB719F009FBF5B /* Products */,
			);
			sourceTree = "<group>";
		};
		45820FD624FB719F009FBF5B /* Products */ = {
			isa = PBXGroup;
			children = (
				45820FD524FB719F009FBF5B /* AboutPersonal.app */,
			);
			name = Products;
			sourceTree = "<group>";
		};
		45820FD724FB719F009FBF5B /* AboutPersonal */ = {
			isa = PBXGroup;
			children = (
				45820FEE24FB728C009FBF5B /* ViewControllers */,
				45820FF024FB72C7009FBF5B /* Models */,
				45820FEC24FB71F6009FBF5B /* Storyboards */,
				45820FED24FB726C009FBF5B /* SupportingFiles */,
				45820FEF24FB72AC009FBF5B /* Sources */,
			);
			path = AboutPersonal;
			sourceTree = "<group>";
		};
		45820FEC24FB71F6009FBF5B /* Storyboards */ = {
			isa = PBXGroup;
			children = (
				45820FDE24FB719F009FBF5B /* Main.storyboard */,
				45820FE324FB71A4009FBF5B /* LaunchScreen.storyboard */,
			);
			path = Storyboards;
			sourceTree = "<group>";
		};
		45820FED24FB726C009FBF5B /* SupportingFiles */ = {
			isa = PBXGroup;
			children = (
				45820FD824FB719F009FBF5B /* AppDelegate.swift */,
				45820FDA24FB719F009FBF5B /* SceneDelegate.swift */,
				45820FE624FB71A4009FBF5B /* Info.plist */,
			);
			path = SupportingFiles;
			sourceTree = "<group>";
		};
		45820FEE24FB728C009FBF5B /* ViewControllers */ = {
			isa = PBXGroup;
			children = (
				45820FF524FB9036009FBF5B /* LoginViewController.swift */,
				45820FF724FBC8F9009FBF5B /* GreetingViewController.swift */,
				45820FF924FC827C009FBF5B /* UserViewController.swift */,
			);
			path = ViewControllers;
			sourceTree = "<group>";
		};
		45820FEF24FB72AC009FBF5B /* Sources */ = {
			isa = PBXGroup;
			children = (
				45820FE124FB71A4009FBF5B /* Assets.xcassets */,
			);
			path = Sources;
			sourceTree = "<group>";
		};
		45820FF024FB72C7009FBF5B /* Models */ = {
			isa = PBXGroup;
			children = (
				45820FF124FB77E5009FBF5B /* User.swift */,
			);
			path = Models;
			sourceTree = "<group>";
		};
/* End PBXGroup section */

/* Begin PBXNativeTarget section */
		45820FD424FB719F009FBF5B /* AboutPersonal */ = {
			isa = PBXNativeTarget;
			buildConfigurationList = 45820FE924FB71A4009FBF5B /* Build configuration list for PBXNativeTarget "AboutPersonal" */;
			buildPhases = (
				45820FD124FB719F009FBF5B /* Sources */,
				45820FD224FB719F009FBF5B /* Frameworks */,
				45820FD324FB719F009FBF5B /* Resources */,
			);
			buildRules = (
			);
			dependencies = (
			);
			name = AboutPersonal;
			productName = AboutPersonal;
			productReference = 45820FD524FB719F009FBF5B /* AboutPersonal.app */;
			productType = "com.apple.product-type.application";
		};
/* End PBXNativeTarget section */

/* Begin PBXProject section */
		45820FCD24FB719F009FBF5B /* Project object */ = {
			isa = PBXProject;
			attributes = {
				LastSwiftUpdateCheck = 1150;
				LastUpgradeCheck = 1150;
				ORGANIZATIONNAME = myself;
				TargetAttributes = {
					45820FD424FB719F009FBF5B = {
						CreatedOnToolsVersion = 11.5;
					};
				};
			};
			buildConfigurationList = 45820FD024FB719F009FBF5B /* Build configuration list for PBXProject "AboutPersonal" */;
			compatibilityVersion = "Xcode 9.3";
			developmentRegion = en;
			hasScannedForEncodings = 0;
			knownRegions = (
				en,
				Base,
			);
			mainGroup = 45820FCC24FB719F009FBF5B;
			productRefGroup = 45820FD624FB719F009FBF5B /* Products */;
			projectDirPath = "";
			projectRoot = "";
			targets = (
				45820FD424FB719F009FBF5B /* AboutPersonal */,
			);
		};
/* End PBXProject section */

/* Begin PBXResourcesBuildPhase section */
		45820FD324FB719F009FBF5B /* Resources */ = {
			isa = PBXResourcesBuildPhase;
			buildActionMask = 2147483647;
			files = (
				45820FE524FB71A4009FBF5B /* LaunchScreen.storyboard in Resources */,
				45820FE224FB71A4009FBF5B /* Assets.xcassets in Resources */,
				45820FE024FB719F009FBF5B /* Main.storyboard in Resources */,
			);
			runOnlyForDeploymentPostprocessing = 0;
		};
/* End PBXResourcesBuildPhase section */

/* Begin PBXSourcesBuildPhase section */
		45820FD124FB719F009FBF5B /* Sources */ = {
			isa = PBXSourcesBuildPhase;
			buildActionMask = 2147483647;
			files = (
				45820FFA24FC827C009FBF5B /* UserViewController.swift in Sources */,
				45820FF224FB77E5009FBF5B /* User.swift in Sources */,
				45820FF824FBC8F9009FBF5B /* GreetingViewController.swift in Sources */,
				45820FD924FB719F009FBF5B /* AppDelegate.swift in Sources */,
				45820FF624FB9036009FBF5B /* LoginViewController.swift in Sources */,
				45820FDB24FB719F009FBF5B /* SceneDelegate.swift in Sources */,
			);
			runOnlyForDeploymentPostprocessing = 0;
		};
/* End PBXSourcesBuildPhase section */

/* Begin PBXVariantGroup section */
		45820FDE24FB719F009FBF5B /* Main.storyboard */ = {
			isa = PBXVariantGroup;
			children = (
				45820FDF24FB719F009FBF5B /* Base */,
			);
			name = Main.storyboard;
			sourceTree = "<group>";
		};
		45820FE324FB71A4009FBF5B /* LaunchScreen.storyboard */ = {
			isa = PBXVariantGroup;
			children = (
				45820FE424FB71A4009FBF5B /* Base */,
			);
			name = LaunchScreen.storyboard;
			sourceTree = "<group>";
		};
/* End PBXVariantGroup section */

/* Begin XCBuildConfiguration section */
		45820FE724FB71A4009FBF5B /* Debug */ = {
			isa = XCBuildConfiguration;
			buildSettings = {
				ALWAYS_SEARCH_USER_PATHS = NO;
				CLANG_ANALYZER_NONNULL = YES;
				CLANG_ANALYZER_NUMBER_OBJECT_CONVERSION = YES_AGGRESSIVE;
				CLANG_CXX_LANGUAGE_STANDARD = "gnu++14";
				CLANG_CXX_LIBRARY = "libc++";
				CLANG_ENABLE_MODULES = YES;
				CLANG_ENABLE_OBJC_ARC = YES;
				CLANG_ENABLE_OBJC_WEAK = YES;
				CLANG_WARN_BLOCK_CAPTURE_AUTORELEASING = YES;
				CLANG_WARN_BOOL_CONVERSION = YES;
				CLANG_WARN_COMMA = YES;
				CLANG_WARN_CONSTANT_CONVERSION = YES;
				CLANG_WARN_DEPRECATED_OBJC_IMPLEMENTATIONS = YES;
				CLANG_WARN_DIRECT_OBJC_ISA_USAGE = YES_ERROR;
				CLANG_WARN_DOCUMENTATION_COMMENTS = YES;
				CLANG_WARN_EMPTY_BODY = YES;
				CLANG_WARN_ENUM_CONVERSION = YES;
				CLANG_WARN_INFINITE_RECURSION = YES;
				CLANG_WARN_INT_CONVERSION = YES;
				CLANG_WARN_NON_LITERAL_NULL_CONVERSION = YES;
				CLANG_WARN_OBJC_IMPLICIT_RETAIN_SELF = YES;
				CLANG_WARN_OBJC_LITERAL_CONVERSION = YES;
				CLANG_WARN_OBJC_ROOT_CLASS = YES_ERROR;
				CLANG_WARN_RANGE_LOOP_ANALYSIS = YES;
				CLANG_WARN_STRICT_PROTOTYPES = YES;
				CLANG_WARN_SUSPICIOUS_MOVE = YES;
				CLANG_WARN_UNGUARDED_AVAILABILITY = YES_AGGRESSIVE;
				CLANG_WARN_UNREACHABLE_CODE = YES;
				CLANG_WARN__DUPLICATE_METHOD_MATCH = YES;
				COPY_PHASE_STRIP = NO;
				DEBUG_INFORMATION_FORMAT = dwarf;
				ENABLE_STRICT_OBJC_MSGSEND = YES;
				ENABLE_TESTABILITY = YES;
				GCC_C_LANGUAGE_STANDARD = gnu11;
				GCC_DYNAMIC_NO_PIC = NO;
				GCC_NO_COMMON_BLOCKS = YES;
				GCC_OPTIMIZATION_LEVEL = 0;
				GCC_PREPROCESSOR_DEFINITIONS = (
					"DEBUG=1",
					"$(inherited)",
				);
				GCC_WARN_64_TO_32_BIT_CONVERSION = YES;
				GCC_WARN_ABOUT_RETURN_TYPE = YES_ERROR;
				GCC_WARN_UNDECLARED_SELECTOR = YES;
				GCC_WARN_UNINITIALIZED_AUTOS = YES_AGGRESSIVE;
				GCC_WARN_UNUSED_FUNCTION = YES;
				GCC_WARN_UNUSED_VARIABLE = YES;
				IPHONEOS_DEPLOYMENT_TARGET = 13.5;
				MTL_ENABLE_DEBUG_INFO = INCLUDE_SOURCE;
				MTL_FAST_MATH = YES;
				ONLY_ACTIVE_ARCH = YES;
				SDKROOT = iphoneos;
				SWIFT_ACTIVE_COMPILATION_CONDITIONS = DEBUG;
				SWIFT_OPTIMIZATION_LEVEL = "-Onone";
			};
			name = Debug;
		};
		45820FE824FB71A4009FBF5B /* Release */ = {
			isa = XCBuildConfiguration;
			buildSettings = {
				ALWAYS_SEARCH_USER_PATHS = NO;
				CLANG_ANALYZER_NONNULL = YES;
				CLANG_ANALYZER_NUMBER_OBJECT_CONVERSION = YES_AGGRESSIVE;
				CLANG_CXX_LANGUAGE_STANDARD = "gnu++14";
				CLANG_CXX_LIBRARY = "libc++";
				CLANG_ENABLE_MODULES = YES;
				CLANG_ENABLE_OBJC_ARC = YES;
				CLANG_ENABLE_OBJC_WEAK = YES;
				CLANG_WARN_BLOCK_CAPTURE_AUTORELEASING = YES;
				CLANG_WARN_BOOL_CONVERSION = YES;
				CLANG_WARN_COMMA = YES;
				CLANG_WARN_CONSTANT_CONVERSION = YES;
				CLANG_WARN_DEPRECATED_OBJC_IMPLEMENTATIONS = YES;
				CLANG_WARN_DIRECT_OBJC_ISA_USAGE = YES_ERROR;
				CLANG_WARN_DOCUMENTATION_COMMENTS = YES;
				CLANG_WARN_EMPTY_BODY = YES;
				CLANG_WARN_ENUM_CONVERSION = YES;
				CLANG_WARN_INFINITE_RECURSION = YES;
				CLANG_WARN_INT_CONVERSION = YES;
				CLANG_WARN_NON_LITERAL_NULL_CONVERSION = YES;
				CLANG_WARN_OBJC_IMPLICIT_RETAIN_SELF = YES;
				CLANG_WARN_OBJC_LITERAL_CONVERSION = YES;
				CLANG_WARN_OBJC_ROOT_CLASS = YES_ERROR;
				CLANG_WARN_RANGE_LOOP_ANALYSIS = YES;
				CLANG_WARN_STRICT_PROTOTYPES = YES;
				CLANG_WARN_SUSPICIOUS_MOVE = YES;
				CLANG_WARN_UNGUARDED_AVAILABILITY = YES_AGGRESSIVE;
				CLANG_WARN_UNREACHABLE_CODE = YES;
				CLANG_WARN__DUPLICATE_METHOD_MATCH = YES;
				COPY_PHASE_STRIP = NO;
				DEBUG_INFORMATION_FORMAT = "dwarf-with-dsym";
				ENABLE_NS_ASSERTIONS = NO;
				ENABLE_STRICT_OBJC_MSGSEND = YES;
				GCC_C_LANGUAGE_STANDARD = gnu11;
				GCC_NO_COMMON_BLOCKS = YES;
				GCC_WARN_64_TO_32_BIT_CONVERSION = YES;
				GCC_WARN_ABOUT_RETURN_TYPE = YES_ERROR;
				GCC_WARN_UNDECLARED_SELECTOR = YES;
				GCC_WARN_UNINITIALIZED_AUTOS = YES_AGGRESSIVE;
				GCC_WARN_UNUSED_FUNCTION = YES;
				GCC_WARN_UNUSED_VARIABLE = YES;
				IPHONEOS_DEPLOYMENT_TARGET = 13.5;
				MTL_ENABLE_DEBUG_INFO = NO;
				MTL_FAST_MATH = YES;
				SDKROOT = iphoneos;
				SWIFT_COMPILATION_MODE = wholemodule;
				SWIFT_OPTIMIZATION_LEVEL = "-O";
				VALIDATE_PRODUCT = YES;
			};
			name = Release;
		};
		45820FEA24FB71A4009FBF5B /* Debug */ = {
			isa = XCBuildConfiguration;
			buildSettings = {
				ASSETCATALOG_COMPILER_APPICON_NAME = AppIcon;
				CODE_SIGN_STYLE = Automatic;
				INFOPLIST_FILE = AboutPersonal/SupportingFiles/Info.plist;
				LD_RUNPATH_SEARCH_PATHS = (
					"$(inherited)",
					"@executable_path/Frameworks",
				);
				PRODUCT_BUNDLE_IDENTIFIER = com.goWhites.AboutPersonal;
				PRODUCT_NAME = "$(TARGET_NAME)";
				SWIFT_VERSION = 5.0;
				TARGETED_DEVICE_FAMILY = 1;
			};
			name = Debug;
		};
		45820FEB24FB71A4009FBF5B /* Release */ = {
			isa = XCBuildConfiguration;
			buildSettings = {
				ASSETCATALOG_COMPILER_APPICON_NAME = AppIcon;
				CODE_SIGN_STYLE = Automatic;
				INFOPLIST_FILE = AboutPersonal/SupportingFiles/Info.plist;
				LD_RUNPATH_SEARCH_PATHS = (
					"$(inherited)",
					"@executable_path/Frameworks",
				);
				PRODUCT_BUNDLE_IDENTIFIER = com.goWhites.AboutPersonal;
				PRODUCT_NAME = "$(TARGET_NAME)";
				SWIFT_VERSION = 5.0;
				TARGETED_DEVICE_FAMILY = 1;
			};
			name = Release;
		};
/* End XCBuildConfiguration section */

/* Begin XCConfigurationList section */
		45820FD024FB719F009FBF5B /* Build configuration list for PBXProject "AboutPersonal" */ = {
			isa = XCConfigurationList;
			buildConfigurations = (
				45820FE724FB71A4009FBF5B /* Debug */,
				45820FE824FB71A4009FBF5B /* Release */,
			);
			defaultConfigurationIsVisible = 0;
			defaultConfigurationName = Release;
		};
		45820FE924FB71A4009FBF5B /* Build configuration list for PBXNativeTarget "AboutPersonal" */ = {
			isa = XCConfigurationList;
			buildConfigurations = (
				45820FEA24FB71A4009FBF5B /* Debug */,
				45820FEB24FB71A4009FBF5B /* Release */,
			);
			defaultConfigurationIsVisible = 0;
			defaultConfigurationName = Release;
		};
/* End XCConfigurationList section */
	};
	rootObject = 45820FCD24FB719F009FBF5B /* Project object */;
}
